// !$*UTF8*$!
{
	archiveVersion = 1;
	classes = {
	};
	objectVersion = 55;
	objects = {

/* Begin PBXBuildFile section */
		F58E083F27D57BB30029AD54 /* main.cpp in Sources */ = {isa = PBXBuildFile; fileRef = F58E083E27D57BB30029AD54 /* main.cpp */; };
		F58E084827D5805B0029AD54 /* PersonProfile.cpp in Sources */ = {isa = PBXBuildFile; fileRef = F58E084627D5805B0029AD54 /* PersonProfile.cpp */; };
		F58E084B27D581EC0029AD54 /* AttributeTranslator.cpp in Sources */ = {isa = PBXBuildFile; fileRef = F58E084927D581EC0029AD54 /* AttributeTranslator.cpp */; };
		F58E084E27D583BF0029AD54 /* MemberDatabase.cpp in Sources */ = {isa = PBXBuildFile; fileRef = F58E084C27D583BF0029AD54 /* MemberDatabase.cpp */; };
		F58E085127D586130029AD54 /* MatchMaker.cpp in Sources */ = {isa = PBXBuildFile; fileRef = F58E084F27D586130029AD54 /* MatchMaker.cpp */; };
/* End PBXBuildFile section */

/* Begin PBXCopyFilesBuildPhase section */
		F58E083927D57BB30029AD54 /* CopyFiles */ = {
			isa = PBXCopyFilesBuildPhase;
			buildActionMask = 2147483647;
			dstPath = /usr/share/man/man1/;
			dstSubfolderSpec = 0;
			files = (
			);
			runOnlyForDeploymentPostprocessing = 1;
		};
/* End PBXCopyFilesBuildPhase section */

/* Begin PBXFileReference section */
		F58E083B27D57BB30029AD54 /* Project4 */ = {isa = PBXFileReference; explicitFileType = "compiled.mach-o.executable"; includeInIndex = 0; path = Project4; sourceTree = BUILT_PRODUCTS_DIR; };
		F58E083E27D57BB30029AD54 /* main.cpp */ = {isa = PBXFileReference; lastKnownFileType = sourcecode.cpp.cpp; path = main.cpp; sourceTree = "<group>"; };
		F58E084527D57EBE0029AD54 /* provided.h */ = {isa = PBXFileReference; lastKnownFileType = sourcecode.c.h; path = provided.h; sourceTree = "<group>"; };
		F58E084627D5805B0029AD54 /* PersonProfile.cpp */ = {isa = PBXFileReference; lastKnownFileType = sourcecode.cpp.cpp; path = PersonProfile.cpp; sourceTree = "<group>"; };
		F58E084727D5805B0029AD54 /* PersonProfile.h */ = {isa = PBXFileReference; lastKnownFileType = sourcecode.c.h; path = PersonProfile.h; sourceTree = "<group>"; };
		F58E084927D581EC0029AD54 /* AttributeTranslator.cpp */ = {isa = PBXFileReference; lastKnownFileType = sourcecode.cpp.cpp; path = AttributeTranslator.cpp; sourceTree = "<group>"; };
		F58E084A27D581EC0029AD54 /* AttributeTranslator.h */ = {isa = PBXFileReference; lastKnownFileType = sourcecode.c.h; path = AttributeTranslator.h; sourceTree = "<group>"; };
		F58E084C27D583BF0029AD54 /* MemberDatabase.cpp */ = {isa = PBXFileReference; lastKnownFileType = sourcecode.cpp.cpp; path = MemberDatabase.cpp; sourceTree = "<group>"; };
		F58E084D27D583BF0029AD54 /* MemberDatabase.h */ = {isa = PBXFileReference; lastKnownFileType = sourcecode.c.h; path = MemberDatabase.h; sourceTree = "<group>"; };
		F58E084F27D586130029AD54 /* MatchMaker.cpp */ = {isa = PBXFileReference; lastKnownFileType = sourcecode.cpp.cpp; path = MatchMaker.cpp; sourceTree = "<group>"; };
		F58E085027D586130029AD54 /* MatchMaker.h */ = {isa = PBXFileReference; lastKnownFileType = sourcecode.c.h; path = MatchMaker.h; sourceTree = "<group>"; };
		F58E085227D589680029AD54 /* RadixTree.h */ = {isa = PBXFileReference; lastKnownFileType = sourcecode.c.h; path = RadixTree.h; sourceTree = "<group>"; };
		F58E085327D59CAC0029AD54 /* members.txt */ = {isa = PBXFileReference; lastKnownFileType = text; path = members.txt; sourceTree = "<group>"; };
		F58E085427D59CB30029AD54 /* translator.txt */ = {isa = PBXFileReference; lastKnownFileType = text; path = translator.txt; sourceTree = "<group>"; };
		F58E087027D71CF40029AD54 /* members_1.txt */ = {isa = PBXFileReference; lastKnownFileType = text; path = members_1.txt; sourceTree = "<group>"; };
		F58E087127D71CF40029AD54 /* translator_1.txt */ = {isa = PBXFileReference; lastKnownFileType = text; path = translator_1.txt; sourceTree = "<group>"; };
/* End PBXFileReference section */

/* Begin PBXFrameworksBuildPhase section */
		F58E083827D57BB30029AD54 /* Frameworks */ = {
			isa = PBXFrameworksBuildPhase;
			buildActionMask = 2147483647;
			files = (
			);
			runOnlyForDeploymentPostprocessing = 0;
		};
/* End PBXFrameworksBuildPhase section */

/* Begin PBXGroup section */
		F58E083227D57BB30029AD54 = {
			isa = PBXGroup;
			children = (
				F58E083D27D57BB30029AD54 /* Project4 */,
				F58E083C27D57BB30029AD54 /* Products */,
			);
			sourceTree = "<group>";
		};
		F58E083C27D57BB30029AD54 /* Products */ = {
			isa = PBXGroup;
			children = (
				F58E083B27D57BB30029AD54 /* Project4 */,
			);
			name = Products;
			sourceTree = "<group>";
		};
		F58E083D27D57BB30029AD54 /* Project4 */ = {
			isa = PBXGroup;
			children = (
				F58E084627D5805B0029AD54 /* PersonProfile.cpp */,
				F58E084727D5805B0029AD54 /* PersonProfile.h */,
				F58E084927D581EC0029AD54 /* AttributeTranslator.cpp */,
				F58E084A27D581EC0029AD54 /* AttributeTranslator.h */,
				F58E084C27D583BF0029AD54 /* MemberDatabase.cpp */,
				F58E084D27D583BF0029AD54 /* MemberDatabase.h */,
				F58E084F27D586130029AD54 /* MatchMaker.cpp */,
				F58E085027D586130029AD54 /* MatchMaker.h */,
				F58E085227D589680029AD54 /* RadixTree.h */,
				F58E083E27D57BB30029AD54 /* main.cpp */,
				F58E084527D57EBE0029AD54 /* provided.h */,
				F58E085327D59CAC0029AD54 /* members.txt */,
				F58E085427D59CB30029AD54 /* translator.txt */,
				F58E087027D71CF40029AD54 /* members_1.txt */,
				F58E087127D71CF40029AD54 /* translator_1.txt */,
			);
			path = Project4;
			sourceTree = "<group>";
		};
/* End PBXGroup section */

/* Begin PBXNativeTarget section */
		F58E083A27D57BB30029AD54 /* Project4 */ = {
			isa = PBXNativeTarget;
			buildConfigurationList = F58E084227D57BB30029AD54 /* Build configuration list for PBXNativeTarget "Project4" */;
			buildPhases = (
				F58E083727D57BB30029AD54 /* Sources */,
				F58E083827D57BB30029AD54 /* Frameworks */,
				F58E083927D57BB30029AD54 /* CopyFiles */,
			);
			buildRules = (
			);
			dependencies = (
			);
			name = Project4;
			productName = Project4;
			productReference = F58E083B27D57BB30029AD54 /* Project4 */;
			productType = "com.apple.product-type.tool";
		};
/* End PBXNativeTarget section */

/* Begin PBXProject section */
		F58E083327D57BB30029AD54 /* Project object */ = {
			isa = PBXProject;
			attributes = {
				BuildIndependentTargetsInParallel = 1;
				LastUpgradeCheck = 1300;
				TargetAttributes = {
					F58E083A27D57BB30029AD54 = {
						CreatedOnToolsVersion = 13.0;
					};
				};
			};
			buildConfigurationList = F58E083627D57BB30029AD54 /* Build configuration list for PBXProject "Project4" */;
			compatibilityVersion = "Xcode 13.0";
			developmentRegion = en;
			hasScannedForEncodings = 0;
			knownRegions = (
				en,
				Base,
			);
			mainGroup = F58E083227D57BB30029AD54;
			productRefGroup = F58E083C27D57BB30029AD54 /* Products */;
			projectDirPath = "";
			projectRoot = "";
			targets = (
				F58E083A27D57BB30029AD54 /* Project4 */,
			);
		};
/* End PBXProject section */

/* Begin PBXSourcesBuildPhase section */
		F58E083727D57BB30029AD54 /* Sources */ = {
			isa = PBXSourcesBuildPhase;
			buildActionMask = 2147483647;
			files = (
				F58E084E27D583BF0029AD54 /* MemberDatabase.cpp in Sources */,
				F58E084B27D581EC0029AD54 /* AttributeTranslator.cpp in Sources */,
				F58E085127D586130029AD54 /* MatchMaker.cpp in Sources */,
				F58E084827D5805B0029AD54 /* PersonProfile.cpp in Sources */,
				F58E083F27D57BB30029AD54 /* main.cpp in Sources */,
			);
			runOnlyForDeploymentPostprocessing = 0;
		};
/* End PBXSourcesBuildPhase section */

/* Begin XCBuildConfiguration section */
		F58E084027D57BB30029AD54 /* Debug */ = {
			isa = XCBuildConfiguration;
			buildSettings = {
				ALWAYS_SEARCH_USER_PATHS = NO;
				CLANG_ANALYZER_NONNULL = YES;
				CLANG_ANALYZER_NUMBER_OBJECT_CONVERSION = YES_AGGRESSIVE;
				CLANG_CXX_LANGUAGE_STANDARD = "gnu++17";
				CLANG_CXX_LIBRARY = "libc++";
				CLANG_ENABLE_MODULES = YES;
				CLANG_ENABLE_OBJC_ARC = YES;
				CLANG_ENABLE_OBJC_WEAK = YES;
				CLANG_WARN_BLOCK_CAPTURE_AUTORELEASING = YES;
				CLANG_WARN_BOOL_CONVERSION = YES;
				CLANG_WARN_COMMA = YES;
				CLANG_WARN_CONSTANT_CONVERSION = YES;
				CLANG_WARN_DEPRECATED_OBJC_IMPLEMENTATIONS = YES;
				CLANG_WARN_DIRECT_OBJC_ISA_USAGE = YES_ERROR;
				CLANG_WARN_DOCUMENTATION_COMMENTS = YES;
				CLANG_WARN_EMPTY_BODY = YES;
				CLANG_WARN_ENUM_CONVERSION = YES;
				CLANG_WARN_INFINITE_RECURSION = YES;
				CLANG_WARN_INT_CONVERSION = YES;
				CLANG_WARN_NON_LITERAL_NULL_CONVERSION = YES;
				CLANG_WARN_OBJC_IMPLICIT_RETAIN_SELF = YES;
				CLANG_WARN_OBJC_LITERAL_CONVERSION = YES;
				CLANG_WARN_OBJC_ROOT_CLASS = YES_ERROR;
				CLANG_WARN_QUOTED_INCLUDE_IN_FRAMEWORK_HEADER = YES;
				CLANG_WARN_RANGE_LOOP_ANALYSIS = YES;
				CLANG_WARN_STRICT_PROTOTYPES = YES;
				CLANG_WARN_SUSPICIOUS_MOVE = YES;
				CLANG_WARN_UNGUARDED_AVAILABILITY = YES_AGGRESSIVE;
				CLANG_WARN_UNREACHABLE_CODE = YES;
				CLANG_WARN__DUPLICATE_METHOD_MATCH = YES;
				COPY_PHASE_STRIP = NO;
				DEBUG_INFORMATION_FORMAT = dwarf;
				ENABLE_STRICT_OBJC_MSGSEND = YES;
				ENABLE_TESTABILITY = YES;
				GCC_C_LANGUAGE_STANDARD = gnu11;
				GCC_DYNAMIC_NO_PIC = NO;
				GCC_NO_COMMON_BLOCKS = YES;
				GCC_OPTIMIZATION_LEVEL = 0;
				GCC_PREPROCESSOR_DEFINITIONS = (
					"DEBUG=1",
					"$(inherited)",
				);
				GCC_WARN_64_TO_32_BIT_CONVERSION = YES;
				GCC_WARN_ABOUT_RETURN_TYPE = YES_ERROR;
				GCC_WARN_UNDECLARED_SELECTOR = YES;
				GCC_WARN_UNINITIALIZED_AUTOS = YES_AGGRESSIVE;
				GCC_WARN_UNUSED_FUNCTION = YES;
				GCC_WARN_UNUSED_VARIABLE = YES;
				MACOSX_DEPLOYMENT_TARGET = 11.3;
				MTL_ENABLE_DEBUG_INFO = INCLUDE_SOURCE;
				MTL_FAST_MATH = YES;
				ONLY_ACTIVE_ARCH = YES;
				SDKROOT = macosx;
			};
			name = Debug;
		};
		F58E084127D57BB30029AD54 /* Release */ = {
			isa = XCBuildConfiguration;
			buildSettings = {
				ALWAYS_SEARCH_USER_PATHS = NO;
				CLANG_ANALYZER_NONNULL = YES;
				CLANG_ANALYZER_NUMBER_OBJECT_CONVERSION = YES_AGGRESSIVE;
				CLANG_CXX_LANGUAGE_STANDARD = "gnu++17";
				CLANG_CXX_LIBRARY = "libc++";
				CLANG_ENABLE_MODULES = YES;
				CLANG_ENABLE_OBJC_ARC = YES;
				CLANG_ENABLE_OBJC_WEAK = YES;
				CLANG_WARN_BLOCK_CAPTURE_AUTORELEASING = YES;
				CLANG_WARN_BOOL_CONVERSION = YES;
				CLANG_WARN_COMMA = YES;
				CLANG_WARN_CONSTANT_CONVERSION = YES;
				CLANG_WARN_DEPRECATED_OBJC_IMPLEMENTATIONS = YES;
				CLANG_WARN_DIRECT_OBJC_ISA_USAGE = YES_ERROR;
				CLANG_WARN_DOCUMENTATION_COMMENTS = YES;
				CLANG_WARN_EMPTY_BODY = YES;
				CLANG_WARN_ENUM_CONVERSION = YES;
				CLANG_WARN_INFINITE_RECURSION = YES;
				CLANG_WARN_INT_CONVERSION = YES;
				CLANG_WARN_NON_LITERAL_NULL_CONVERSION = YES;
				CLANG_WARN_OBJC_IMPLICIT_RETAIN_SELF = YES;
				CLANG_WARN_OBJC_LITERAL_CONVERSION = YES;
				CLANG_WARN_OBJC_ROOT_CLASS = YES_ERROR;
				CLANG_WARN_QUOTED_INCLUDE_IN_FRAMEWORK_HEADER = YES;
				CLANG_WARN_RANGE_LOOP_ANALYSIS = YES;
				CLANG_WARN_STRICT_PROTOTYPES = YES;
				CLANG_WARN_SUSPICIOUS_MOVE = YES;
				CLANG_WARN_UNGUARDED_AVAILABILITY = YES_AGGRESSIVE;
				CLANG_WARN_UNREACHABLE_CODE = YES;
				CLANG_WARN__DUPLICATE_METHOD_MATCH = YES;
				COPY_PHASE_STRIP = NO;
				DEBUG_INFORMATION_FORMAT = "dwarf-with-dsym";
				ENABLE_NS_ASSERTIONS = NO;
				ENABLE_STRICT_OBJC_MSGSEND = YES;
				GCC_C_LANGUAGE_STANDARD = gnu11;
				GCC_NO_COMMON_BLOCKS = YES;
				GCC_WARN_64_TO_32_BIT_CONVERSION = YES;
				GCC_WARN_ABOUT_RETURN_TYPE = YES_ERROR;
				GCC_WARN_UNDECLARED_SELECTOR = YES;
				GCC_WARN_UNINITIALIZED_AUTOS = YES_AGGRESSIVE;
				GCC_WARN_UNUSED_FUNCTION = YES;
				GCC_WARN_UNUSED_VARIABLE = YES;
				MACOSX_DEPLOYMENT_TARGET = 11.3;
				MTL_ENABLE_DEBUG_INFO = NO;
				MTL_FAST_MATH = YES;
				SDKROOT = macosx;
			};
			name = Release;
		};
		F58E084327D57BB30029AD54 /* Debug */ = {
			isa = XCBuildConfiguration;
			buildSettings = {
				CODE_SIGN_STYLE = Automatic;
				PRODUCT_NAME = "$(TARGET_NAME)";
			};
			name = Debug;
		};
		F58E084427D57BB30029AD54 /* Release */ = {
			isa = XCBuildConfiguration;
			buildSettings = {
				CODE_SIGN_STYLE = Automatic;
				PRODUCT_NAME = "$(TARGET_NAME)";
			};
			name = Release;
		};
/* End XCBuildConfiguration section */

/* Begin XCConfigurationList section */
		F58E083627D57BB30029AD54 /* Build configuration list for PBXProject "Project4" */ = {
			isa = XCConfigurationList;
			buildConfigurations = (
				F58E084027D57BB30029AD54 /* Debug */,
				F58E084127D57BB30029AD54 /* Release */,
			);
			defaultConfigurationIsVisible = 0;
			defaultConfigurationName = Release;
		};
		F58E084227D57BB30029AD54 /* Build configuration list for PBXNativeTarget "Project4" */ = {
			isa = XCConfigurationList;
			buildConfigurations = (
				F58E084327D57BB30029AD54 /* Debug */,
				F58E084427D57BB30029AD54 /* Release */,
			);
			defaultConfigurationIsVisible = 0;
			defaultConfigurationName = Release;
		};
/* End XCConfigurationList section */
	};
	rootObject = F58E083327D57BB30029AD54 /* Project object */;
}
